{
  "version": 4,
  "terraform_version": "1.1.9",
  "serial": 9,
  "lineage": "3403f5b3-1edc-f0fb-5363-863aa7d39ada",
  "outputs": {
    "description": {
      "value": "Cluster demo Dev",
      "type": "string"
    },
    "endpoint": {
      "value": "35.238.221.127",
      "type": "string"
    },
    "id": {
      "value": "projects/stf-taller001/locations/us-central1-a/clusters/gke-demo-eduron",
      "type": "string"
    },
    "name": {
      "value": "gke-demo-eduron",
      "type": "string"
    },
    "name-pool": {
      "value": "gke-pool1",
      "type": "string"
    },
    "project": {
      "value": "stf-taller001",
      "type": "string"
    }
  },
  "resources": [
    {
      "mode": "managed",
      "type": "google_container_cluster",
      "name": "default",
      "provider": "provider[\"registry.terraform.io/hashicorp/google\"]",
      "instances": [
        {
          "schema_version": 1,
          "attributes": {
            "addons_config": [
              {
                "cloudrun_config": [],
                "gcp_filestore_csi_driver_config": [],
                "horizontal_pod_autoscaling": [],
                "http_load_balancing": [],
                "network_policy_config": [
                  {
                    "disabled": true
                  }
                ]
              }
            ],
            "authenticator_groups_config": [],
            "cluster_autoscaling": [
              {
                "auto_provisioning_defaults": [],
                "enabled": false,
                "resource_limits": []
              }
            ],
            "cluster_ipv4_cidr": "10.4.0.0/14",
            "confidential_nodes": [],
            "database_encryption": [
              {
                "key_name": "",
                "state": "DECRYPTED"
              }
            ],
            "datapath_provider": "",
            "default_max_pods_per_node": null,
            "default_snat_status": [
              {
                "disabled": false
              }
            ],
            "description": "Cluster demo Dev",
            "dns_config": [],
            "enable_autopilot": false,
            "enable_binary_authorization": false,
            "enable_intranode_visibility": false,
            "enable_kubernetes_alpha": false,
            "enable_legacy_abac": true,
            "enable_shielded_nodes": true,
            "enable_tpu": false,
            "endpoint": "35.238.221.127",
            "id": "projects/stf-taller001/locations/us-central1-a/clusters/gke-demo-eduron",
            "initial_node_count": 1,
            "ip_allocation_policy": [],
            "label_fingerprint": "a9dc16a7",
            "location": "us-central1-a",
            "logging_config": [
              {
                "enable_components": [
                  "SYSTEM_COMPONENTS",
                  "WORKLOADS"
                ]
              }
            ],
            "logging_service": "logging.googleapis.com/kubernetes",
            "maintenance_policy": [],
            "master_auth": [
              {
                "client_certificate": "",
                "client_certificate_config": [
                  {
                    "issue_client_certificate": false
                  }
                ],
                "client_key": "",
                "cluster_ca_certificate": "LS0tLS1CRUdJTiBDRVJUSUZJQ0FURS0tLS0tCk1JSUVMVENDQXBXZ0F3SUJBZ0lSQUxCSmRZQU9yaDd4Q21VdGliTFYwdU13RFFZSktvWklodmNOQVFFTEJRQXcKTHpFdE1Dc0dBMVVFQXhNa1ltRmlZMk5sT0RrdFpHVXpOUzAwWVdZMExUZzBNVGN0Tm1Zd1pHWXdNRE5pTURVMgpNQ0FYRFRJeU1EVXhNekUyTURJeE1sb1lEekl3TlRJd05UQTFNVGN3TWpFeVdqQXZNUzB3S3dZRFZRUURFeVJpCllXSmpZMlU0T1Mxa1pUTTFMVFJoWmpRdE9EUXhOeTAyWmpCa1pqQXdNMkl3TlRZd2dnR2lNQTBHQ1NxR1NJYjMKRFFFQkFRVUFBNElCandBd2dnR0tBb0lCZ1FDY3B1ZXVMOHpUMW1KZnpDd1pDTDdzQ3VOMTVFQlZEQnMxWGNjQgoyQngxQTZwMWxxN3N6SDkzMUgwR2Q3SkZNY0xIRjdqRllOV3Bqd1dCUjZGU1VxZkJvc24rM1E4bkVENFA4U2JuCitwc04wb2VYQnAzYUpoOG1GQ0lyek1NYmFKMUIrMUJmeUZFYS8xdWFsNmRWbndPY01MT28waGtSOFI1QnpON2IKQnRrTXJncEtFSnB5ZmZqN2FaZy9oZElDNHNSMTVTdUU0QktHOVdTRWlHOExvRTBZZ2NjUURHZ01MNmJKbEVrLwpJTDFKYnllc09EQkgrMGV6RWtmVjBOSWxxNXF3TEpTZXNIS3NUYk5kU0kzL2E1WVFqUzFCYXFHWHRqSHJDcU5KCm5yaXFxajI1RHptTUVXSVFRMksvM3ZTaHdROXZienNET2t5OUpxYzBJdVdiRm9UaWRtQnk4MXo4QVVSSzN0am0KRitzMHB3VnZEa3VvZnI5VFl4Tm9QT25hMXIvbG1VZ2ljc3EvcC9YM21MbDB3bENXQk1VSTBZRXRDWWg1QmUrcgpoRnZxaml2dDlETkVTalNGY2pNTFVmYTVqUzI2SU15WG9KKzNJK3BqdzNSdG1idldPNmVCUnJxRFVJK1QxOTVqCnhEUHhOSkg5TnhvM1plaTdpcTFaeWF0Mmk2MENBd0VBQWFOQ01FQXdEZ1lEVlIwUEFRSC9CQVFEQWdJRU1BOEcKQTFVZEV3RUIvd1FGTUFNQkFmOHdIUVlEVlIwT0JCWUVGS1NMWWNURldaZ2JrTVdadXlqeEhJN0g4M3czTUEwRwpDU3FHU0liM0RRRUJDd1VBQTRJQmdRQ1N3VjdaN1VhTXRPR2FCZHViS05wVE4wSkxZMyt4elgxQ09abDlJN1ZJClNNRmFZZGlaMUZ1d2FFOGZPZy83MmxOZ1IzckdRdXBIZnhuenl3cFQ5UUpEa0hOb2pEcXN2em9kS0R1M3VyVXkKS2NHUHU3akh3aldvZHBKb1FBa21Pd2M2WEJxOVgvNmNYQVVOQk9nZDZjMUdsSVlVeU9DbHViTmkyTGxxSnpNUgpGaFBLWG5ZUm1oUVpPcDEweVN2Z05oZ0syc24wdzhobE1YVVV4aDZZbDZuTlVYSG1NSEhIQm9xNGRpUUN1blQ1CmhiUHg1blY3MzN2MzdnZ2FWaVdmSHdkWmQ2ZGIrVWY2NTcrbjA3UTkrbGRxaE1SRXFFMWduK1RZWnR3RlRNN2UKTEVaWnk4ZHdkM0o1VUhVWE5lMFlRZEZ4aTQxTFVmdllFM3B1Z1lJd1dwVDR3M2NneDBGK0xKZGc1VHZnSTlDYwplZDZlb3ltbW5Lc1BWVm1lK0VUMVZRcDZFQjVwQ0NLdDJ4MlhMbHJ3NU1FaXo0WS9nQWlEVWRZek91dXVGS3phCkVXQ3VTcTlIWElidFF4c3pFcTJsMnRBc1pxRHdqbTlRdVhaMVdna3ZxY1Z6eGhTMTd1SjU4a2RyTHY1aG05dWwKLzExMHVGMy91TWhvTVpPN2hPTC9STTg9Ci0tLS0tRU5EIENFUlRJRklDQVRFLS0tLS0K"
              }
            ],
            "master_authorized_networks_config": [],
            "master_version": "1.21.10-gke.2000",
            "min_master_version": null,
            "monitoring_config": [
              {
                "enable_components": [
                  "SYSTEM_COMPONENTS"
                ]
              }
            ],
            "monitoring_service": "monitoring.googleapis.com/kubernetes",
            "name": "gke-demo-eduron",
            "network": "projects/stf-taller001/global/networks/default",
            "network_policy": [
              {
                "enabled": false,
                "provider": "PROVIDER_UNSPECIFIED"
              }
            ],
            "networking_mode": "ROUTES",
            "node_config": [],
            "node_locations": [],
            "node_pool": [],
            "node_version": "1.21.10-gke.2000",
            "operation": null,
            "private_cluster_config": [],
            "private_ipv6_google_access": "",
            "project": "stf-taller001",
            "release_channel": [
              {
                "channel": "REGULAR"
              }
            ],
            "remove_default_node_pool": true,
            "resource_labels": null,
            "resource_usage_export_config": [],
            "self_link": "https://container.googleapis.com/v1/projects/stf-taller001/zones/us-central1-a/clusters/gke-demo-eduron",
            "services_ipv4_cidr": "10.7.240.0/20",
            "subnetwork": "projects/stf-taller001/regions/us-central1/subnetworks/default",
            "timeouts": null,
            "tpu_ipv4_cidr_block": "",
            "vertical_pod_autoscaling": [],
            "workload_identity_config": []
          },
          "sensitive_attributes": [],
          "private": "eyJlMmJmYjczMC1lY2FhLTExZTYtOGY4OC0zNDM2M2JjN2M0YzAiOnsiY3JlYXRlIjoyNDAwMDAwMDAwMDAwLCJkZWxldGUiOjI0MDAwMDAwMDAwMDAsInJlYWQiOjI0MDAwMDAwMDAwMDAsInVwZGF0ZSI6MzYwMDAwMDAwMDAwMH0sInNjaGVtYV92ZXJzaW9uIjoiMSJ9"
        }
      ]
    },
    {
      "mode": "managed",
      "type": "google_container_node_pool",
      "name": "default",
      "provider": "provider[\"registry.terraform.io/hashicorp/google\"]",
      "instances": [
        {
          "schema_version": 1,
          "attributes": {
            "autoscaling": [],
            "cluster": "gke-demo-eduron",
            "id": "projects/stf-taller001/locations/us-central1-a/clusters/gke-demo-eduron/nodePools/gke-pool1",
            "initial_node_count": 1,
            "instance_group_urls": [
              "https://www.googleapis.com/compute/v1/projects/stf-taller001/zones/us-central1-a/instanceGroupManagers/gke-gke-demo-eduron-gke-pool1-28212f5c-grp"
            ],
            "location": "us-central1-a",
            "managed_instance_group_urls": [
              "https://www.googleapis.com/compute/v1/projects/stf-taller001/zones/us-central1-a/instanceGroups/gke-gke-demo-eduron-gke-pool1-28212f5c-grp"
            ],
            "management": [
              {
                "auto_repair": true,
                "auto_upgrade": true
              }
            ],
            "max_pods_per_node": null,
            "name": "gke-pool1",
            "name_prefix": "",
            "node_config": [
              {
                "boot_disk_kms_key": "",
                "disk_size_gb": 100,
                "disk_type": "pd-standard",
                "gcfs_config": [],
                "guest_accelerator": [],
                "gvnic": [],
                "image_type": "COS_CONTAINERD",
                "labels": {},
                "local_ssd_count": 0,
                "machine_type": "e2-micro",
                "metadata": {
                  "disable-legacy-endpoints": "true"
                },
                "min_cpu_platform": "",
                "node_group": "",
                "oauth_scopes": [
                  "https://www.googleapis.com/auth/logging.write",
                  "https://www.googleapis.com/auth/monitoring"
                ],
                "preemptible": true,
                "service_account": "default",
                "shielded_instance_config": [
                  {
                    "enable_integrity_monitoring": true,
                    "enable_secure_boot": false
                  }
                ],
                "tags": null,
                "taint": [],
                "workload_metadata_config": []
              }
            ],
            "node_count": 1,
            "node_locations": [
              "us-central1-a"
            ],
            "operation": null,
            "project": "stf-taller001",
            "timeouts": null,
            "upgrade_settings": [
              {
                "max_surge": 1,
                "max_unavailable": 0
              }
            ],
            "version": "1.21.10-gke.2000"
          },
          "sensitive_attributes": [],
          "private": "eyJlMmJmYjczMC1lY2FhLTExZTYtOGY4OC0zNDM2M2JjN2M0YzAiOnsiY3JlYXRlIjoxODAwMDAwMDAwMDAwLCJkZWxldGUiOjE4MDAwMDAwMDAwMDAsInVwZGF0ZSI6MTgwMDAwMDAwMDAwMH0sInNjaGVtYV92ZXJzaW9uIjoiMSJ9",
          "dependencies": [
            "google_container_cluster.default"
          ]
        }
      ]
    }
  ]
}
