{
  "version": 4,
  "terraform_version": "1.1.9",
  "serial": 6,
  "lineage": "3403f5b3-1edc-f0fb-5363-863aa7d39ada",
  "outputs": {
    "description": {
      "value": "Cluster demo Dev",
      "type": "string"
    },
    "endpoint": {
      "value": "35.239.4.122",
      "type": "string"
    },
    "id": {
      "value": "projects/stf-taller001/locations/us-central1/clusters/gke-demo-dev",
      "type": "string"
    },
    "name": {
      "value": "gke-demo-dev",
      "type": "string"
    },
    "name-pool": {
      "value": "gke-pool1",
      "type": "string"
    },
    "project": {
      "value": "stf-taller001",
      "type": "string"
    }
  },
  "resources": [
    {
      "mode": "managed",
      "type": "google_container_cluster",
      "name": "default",
      "provider": "provider[\"registry.terraform.io/hashicorp/google\"]",
      "instances": [
        {
          "schema_version": 1,
          "attributes": {
            "addons_config": [
              {
                "cloudrun_config": [],
                "gcp_filestore_csi_driver_config": [],
                "horizontal_pod_autoscaling": [],
                "http_load_balancing": [],
                "network_policy_config": [
                  {
                    "disabled": true
                  }
                ]
              }
            ],
            "authenticator_groups_config": [],
            "cluster_autoscaling": [
              {
                "auto_provisioning_defaults": [],
                "enabled": false,
                "resource_limits": []
              }
            ],
            "cluster_ipv4_cidr": "10.116.0.0/14",
            "confidential_nodes": [],
            "database_encryption": [
              {
                "key_name": "",
                "state": "DECRYPTED"
              }
            ],
            "datapath_provider": "",
            "default_max_pods_per_node": null,
            "default_snat_status": [
              {
                "disabled": false
              }
            ],
            "description": "Cluster demo Dev",
            "dns_config": [],
            "enable_autopilot": false,
            "enable_binary_authorization": false,
            "enable_intranode_visibility": false,
            "enable_kubernetes_alpha": false,
            "enable_legacy_abac": true,
            "enable_shielded_nodes": true,
            "enable_tpu": false,
            "endpoint": "35.239.4.122",
            "id": "projects/stf-taller001/locations/us-central1/clusters/gke-demo-dev",
            "initial_node_count": 1,
            "ip_allocation_policy": [],
            "label_fingerprint": "a9dc16a7",
            "location": "us-central1",
            "logging_config": [
              {
                "enable_components": [
                  "SYSTEM_COMPONENTS",
                  "WORKLOADS"
                ]
              }
            ],
            "logging_service": "logging.googleapis.com/kubernetes",
            "maintenance_policy": [],
            "master_auth": [
              {
                "client_certificate": "",
                "client_certificate_config": [
                  {
                    "issue_client_certificate": false
                  }
                ],
                "client_key": "",
                "cluster_ca_certificate": "LS0tLS1CRUdJTiBDRVJUSUZJQ0FURS0tLS0tCk1JSUVMRENDQXBTZ0F3SUJBZ0lRVi9obVEyTGxMcGVLeVEzdkY2UStOakFOQmdrcWhraUc5dzBCQVFzRkFEQXYKTVMwd0t3WURWUVFERXlRek9UZG1NVGc1TWkxa05tWXhMVFF6WTJVdFlUbGhNaTFoWXpFek9UZzJZbUl4TlRjdwpJQmNOTWpJd05URXpNVFUwT0RRMVdoZ1BNakExTWpBMU1EVXhOalE0TkRWYU1DOHhMVEFyQmdOVkJBTVRKRE01Ck4yWXhPRGt5TFdRMlpqRXRORE5qWlMxaE9XRXlMV0ZqTVRNNU9EWmlZakUxTnpDQ0FhSXdEUVlKS29aSWh2Y04KQVFFQkJRQURnZ0dQQURDQ0FZb0NnZ0dCQU1oRVFaZTJ2eVh1cW82L0pyTzdqMGNyZmJaWHI5VzFsejlhMjN5bgptaDZnSzJ2anVUTkVYMlN1ZTJJVWlJUTJRNFZxZlZ2RWN6WTJCN1ZreHRDTFFCRWtWaU5FMnZuQVBqYm1nS3FPCnVRaVNOZHBQM1FlNFdyUHF2eCt6bUdBT0JtQzZHbkhoT0x0dXdaSHcvZzRqcTNJTGk5RlNia1ltVFVYMUlIdksKVVIzN1JvRXJSRkFxZm1ZdXA0UlBES1pOLzRIbzVxeTNrVkxRTnhtYmYrVEowVnVqUkYwdTlQRzYvMkU2NkZiVApNK2txVnZDN2NHYVF3a2tvRVZjOVJVTFdkdWhkcFI3cldaOWdXc2dwUGIzT0tUdjR2Tkh6S3duM0JXUlh3em82CnpOa2Uwc0pkK1dZVHFha3crZGNucllEQnllM3YwRERXaU1YbENaZXF3OHAvMjhxdGZaMmZXcUdwOGh2TlI5QTAKZm00b3RzaThNWnVuUU5nWDd1eE5HSWJLeHF5eFZaUndpdlkyeHMzZTBEY3p5b3Y4MXBGMVlBTkRzNmJUZTNIdAp3cVNIblYzUng1OWF6dkwzbkFMRGRTR3ZNY0h1ZHBkZmNlTTVobnpJL1AySTBIZkkzQWF2djd5bmVNL3hoaTd5CklHQ1ZBZk4vNE83b0pSZFdyOG5SNkZvNkdRSURBUUFCbzBJd1FEQU9CZ05WSFE4QkFmOEVCQU1DQWdRd0R3WUQKVlIwVEFRSC9CQVV3QXdFQi96QWRCZ05WSFE0RUZnUVVrWVQrenFHeUtHdGNISWJDbTNFUksxWkhQY0F3RFFZSgpLb1pJaHZjTkFRRUxCUUFEZ2dHQkFFSitRQTV2RFNDa0dpU0ludkxJMzRwM1BpSWk0THo4cEE2UXM5RmtXQ29QCnpscGp3Y0NUTjhhNC92NmxYRVBKYURrdzdOZUVnV2gra0RzMHNIYXNPTjZOT2k3OHVsdlNQR1ZnU3VmZWNBbWEKdlZmenB2eVBqaTYrZ0ZVZ2Zkc2J6NUtod0UzVU56TkFNYUVSRzdWMkt3NlQ2ZFJjMzJRdEY4ZzRiYUNxZ2FWNgp0UmxvMmVJVEEyem1zQmppdG5oVHhLa1JsN1g2UFBTdVhUWFRUOVpYUTNEa1N5QVQvTEhjckZkSFNpTjM3TzFPCnB5eldCRk14a0tlUi9IY3BiOGNLeVFXUnV3NWllVGJFZ3RPa2hUczJkK3phVkUrV2hXTnZrWW1mSC9UZzBLSlUKQUFOcmR3RlNyc2JqbHd6ZlA3eWFPS013VUdMaStOclk2ZUJoM1NUTmlMRVY3a2dkNytKSFl5ZkVqdjEwRlVGMgpEVWdHcGpub1I1TXJoWG5SZ052b1BoVXNWVjJSN0NhWXIyNFhPMUtuS0xGUzRaV09KVDR6T2FLaWhSSUlib3M1CjZUNkRHSVd2MFBLNmNnOExYbER1VTFVbUtCSzlBWTJ3aHEraDVPZ3RnYUVuTm5EWGpGZC9UdjZYQitqelEwc08KVzcrYlhiQXh4SXp1OThPNHBPNVBxdz09Ci0tLS0tRU5EIENFUlRJRklDQVRFLS0tLS0K"
              }
            ],
            "master_authorized_networks_config": [],
            "master_version": "1.21.10-gke.2000",
            "min_master_version": null,
            "monitoring_config": [
              {
                "enable_components": [
                  "SYSTEM_COMPONENTS"
                ]
              }
            ],
            "monitoring_service": "monitoring.googleapis.com/kubernetes",
            "name": "gke-demo-dev",
            "network": "projects/stf-taller001/global/networks/default",
            "network_policy": [
              {
                "enabled": false,
                "provider": "PROVIDER_UNSPECIFIED"
              }
            ],
            "networking_mode": "ROUTES",
            "node_config": [],
            "node_locations": [
              "us-central1-a",
              "us-central1-c",
              "us-central1-f"
            ],
            "node_pool": [],
            "node_version": "1.21.10-gke.2000",
            "operation": null,
            "private_cluster_config": [],
            "private_ipv6_google_access": "",
            "project": "stf-taller001",
            "release_channel": [
              {
                "channel": "REGULAR"
              }
            ],
            "remove_default_node_pool": true,
            "resource_labels": null,
            "resource_usage_export_config": [],
            "self_link": "https://container.googleapis.com/v1/projects/stf-taller001/locations/us-central1/clusters/gke-demo-dev",
            "services_ipv4_cidr": "10.119.240.0/20",
            "subnetwork": "projects/stf-taller001/regions/us-central1/subnetworks/default",
            "timeouts": null,
            "tpu_ipv4_cidr_block": "",
            "vertical_pod_autoscaling": [],
            "workload_identity_config": []
          },
          "sensitive_attributes": [],
          "private": "eyJlMmJmYjczMC1lY2FhLTExZTYtOGY4OC0zNDM2M2JjN2M0YzAiOnsiY3JlYXRlIjoyNDAwMDAwMDAwMDAwLCJkZWxldGUiOjI0MDAwMDAwMDAwMDAsInJlYWQiOjI0MDAwMDAwMDAwMDAsInVwZGF0ZSI6MzYwMDAwMDAwMDAwMH0sInNjaGVtYV92ZXJzaW9uIjoiMSJ9"
        }
      ]
    },
    {
      "mode": "managed",
      "type": "google_container_node_pool",
      "name": "default",
      "provider": "provider[\"registry.terraform.io/hashicorp/google\"]",
      "instances": [
        {
          "schema_version": 1,
          "attributes": {
            "autoscaling": [],
            "cluster": "gke-demo-dev",
            "id": "projects/stf-taller001/locations/us-central1/clusters/gke-demo-dev/nodePools/gke-pool1",
            "initial_node_count": 1,
            "instance_group_urls": [
              "https://www.googleapis.com/compute/v1/projects/stf-taller001/zones/us-central1-c/instanceGroupManagers/gke-gke-demo-dev-gke-pool1-d4f74863-grp",
              "https://www.googleapis.com/compute/v1/projects/stf-taller001/zones/us-central1-a/instanceGroupManagers/gke-gke-demo-dev-gke-pool1-4d91e925-grp",
              "https://www.googleapis.com/compute/v1/projects/stf-taller001/zones/us-central1-f/instanceGroupManagers/gke-gke-demo-dev-gke-pool1-99451733-grp"
            ],
            "location": "us-central1",
            "managed_instance_group_urls": [
              "https://www.googleapis.com/compute/v1/projects/stf-taller001/zones/us-central1-c/instanceGroups/gke-gke-demo-dev-gke-pool1-d4f74863-grp",
              "https://www.googleapis.com/compute/v1/projects/stf-taller001/zones/us-central1-a/instanceGroups/gke-gke-demo-dev-gke-pool1-4d91e925-grp",
              "https://www.googleapis.com/compute/v1/projects/stf-taller001/zones/us-central1-f/instanceGroups/gke-gke-demo-dev-gke-pool1-99451733-grp"
            ],
            "management": [
              {
                "auto_repair": true,
                "auto_upgrade": true
              }
            ],
            "max_pods_per_node": null,
            "name": "gke-pool1",
            "name_prefix": "",
            "node_config": [
              {
                "boot_disk_kms_key": "",
                "disk_size_gb": 100,
                "disk_type": "pd-standard",
                "gcfs_config": [],
                "guest_accelerator": [],
                "gvnic": [],
                "image_type": "COS_CONTAINERD",
                "labels": {},
                "local_ssd_count": 0,
                "machine_type": "e2-micro",
                "metadata": {
                  "disable-legacy-endpoints": "true"
                },
                "min_cpu_platform": "",
                "node_group": "",
                "oauth_scopes": [
                  "https://www.googleapis.com/auth/logging.write",
                  "https://www.googleapis.com/auth/monitoring"
                ],
                "preemptible": true,
                "service_account": "default",
                "shielded_instance_config": [
                  {
                    "enable_integrity_monitoring": true,
                    "enable_secure_boot": false
                  }
                ],
                "tags": null,
                "taint": [],
                "workload_metadata_config": []
              }
            ],
            "node_count": 1,
            "node_locations": [
              "us-central1-a",
              "us-central1-c",
              "us-central1-f"
            ],
            "operation": null,
            "project": "stf-taller001",
            "timeouts": null,
            "upgrade_settings": [
              {
                "max_surge": 1,
                "max_unavailable": 0
              }
            ],
            "version": "1.21.10-gke.2000"
          },
          "sensitive_attributes": [],
          "private": "eyJlMmJmYjczMC1lY2FhLTExZTYtOGY4OC0zNDM2M2JjN2M0YzAiOnsiY3JlYXRlIjoxODAwMDAwMDAwMDAwLCJkZWxldGUiOjE4MDAwMDAwMDAwMDAsInVwZGF0ZSI6MTgwMDAwMDAwMDAwMH0sInNjaGVtYV92ZXJzaW9uIjoiMSJ9",
          "dependencies": [
            "google_container_cluster.default"
          ]
        }
      ]
    }
  ]
}
